
Microsoft Visual Studio Solution File, Format Version 12.00
# Visual Studio Version 17
VisualStudioVersion = 17.9.34714.143
MinimumVisualStudioVersion = 10.0.40219.1
Project("{8BC9CEB8-8B4A-11D0-8D11-00A0C91BC942}") = "projetTutoSFML", "projetTutoSFML.vcxproj", "{AF934CC4-7494-4F67-BBA6-F612273C0050}"
EndProject
Global
	GlobalSection(SolutionConfigurationPlatforms) = preSolution
		Debug|x64 = Debug|x64
		Debug|x86 = Debug|x86
		Release|x64 = Release|x64
		Release|x86 = Release|x86
	EndGlobalSection
	GlobalSection(ProjectConfigurationPlatforms) = postSolution
		{AF934CC4-7494-4F67-BBA6-F612273C0050}.Debug|x64.ActiveCfg = Debug|x64
		{AF934CC4-7494-4F67-BBA6-F612273C0050}.Debug|x64.Build.0 = Debug|x64
		{AF934CC4-7494-4F67-BBA6-F612273C0050}.Debug|x86.ActiveCfg = Debug|Win32
		{AF934CC4-7494-4F67-BBA6-F612273C0050}.Debug|x86.Build.0 = Debug|Win32
		{AF934CC4-7494-4F67-BBA6-F612273C0050}.Release|x64.ActiveCfg = Release|x64
		{AF934CC4-7494-4F67-BBA6-F612273C0050}.Release|x64.Build.0 = Release|x64
		{AF934CC4-7494-4F67-BBA6-F612273C0050}.Release|x86.ActiveCfg = Release|Win32
		{AF934CC4-7494-4F67-BBA6-F612273C0050}.Release|x86.Build.0 = Release|Win32
	EndGlobalSection
	GlobalSection(SolutionProperties) = preSolution
		HideSolutionNode = FALSE
	EndGlobalSection
	GlobalSection(ExtensibilityGlobals) = postSolution
		SolutionGuid = {642EA1BA-FED1-4930-8A09-A5C4BCDFB724}
	EndGlobalSection
EndGlobal
